
Microsoft Visual Studio Solution File, Format Version 12.00
# Visual Studio Version 16
VisualStudioVersion = 16.0.30204.135
MinimumVisualStudioVersion = 10.0.40219.1
Project("{FAE04EC0-301F-11D3-BF4B-00C04F79EFBC}") = "BlazorTestApp.Server", "BlazorTestApp\Server\BlazorTestApp.Server.csproj", "{8E6EF466-D3C1-445C-BA57-16CA7DEC451D}"
EndProject
Project("{FAE04EC0-301F-11D3-BF4B-00C04F79EFBC}") = "BlazorTestApp.Client", "BlazorTestApp\Client\BlazorTestApp.Client.csproj", "{00CA8562-15F3-424B-AF0A-9539F1796C25}"
EndProject
Project("{FAE04EC0-301F-11D3-BF4B-00C04F79EFBC}") = "BlazorTestApp.Shared", "BlazorTestApp\Shared\BlazorTestApp.Shared.csproj", "{3565A024-21B9-43E9-BA4D-F62E9FCD20DF}"
EndProject
Global
	GlobalSection(SolutionConfigurationPlatforms) = preSolution
		Debug|Any CPU = Debug|Any CPU
		Release|Any CPU = Release|Any CPU
	EndGlobalSection
	GlobalSection(ProjectConfigurationPlatforms) = postSolution
		{8E6EF466-D3C1-445C-BA57-16CA7DEC451D}.Debug|Any CPU.ActiveCfg = Debug|Any CPU
		{8E6EF466-D3C1-445C-BA57-16CA7DEC451D}.Debug|Any CPU.Build.0 = Debug|Any CPU
		{8E6EF466-D3C1-445C-BA57-16CA7DEC451D}.Release|Any CPU.ActiveCfg = Release|Any CPU
		{8E6EF466-D3C1-445C-BA57-16CA7DEC451D}.Release|Any CPU.Build.0 = Release|Any CPU
		{00CA8562-15F3-424B-AF0A-9539F1796C25}.Debug|Any CPU.ActiveCfg = Debug|Any CPU
		{00CA8562-15F3-424B-AF0A-9539F1796C25}.Debug|Any CPU.Build.0 = Debug|Any CPU
		{00CA8562-15F3-424B-AF0A-9539F1796C25}.Release|Any CPU.ActiveCfg = Release|Any CPU
		{00CA8562-15F3-424B-AF0A-9539F1796C25}.Release|Any CPU.Build.0 = Release|Any CPU
		{3565A024-21B9-43E9-BA4D-F62E9FCD20DF}.Debug|Any CPU.ActiveCfg = Debug|Any CPU
		{3565A024-21B9-43E9-BA4D-F62E9FCD20DF}.Debug|Any CPU.Build.0 = Debug|Any CPU
		{3565A024-21B9-43E9-BA4D-F62E9FCD20DF}.Release|Any CPU.ActiveCfg = Release|Any CPU
		{3565A024-21B9-43E9-BA4D-F62E9FCD20DF}.Release|Any CPU.Build.0 = Release|Any CPU
	EndGlobalSection
	GlobalSection(SolutionProperties) = preSolution
		HideSolutionNode = FALSE
	EndGlobalSection
	GlobalSection(ExtensibilityGlobals) = postSolution
		SolutionGuid = {8CBCB40C-A207-4E4F-911D-B2E38BC0BB1D}
	EndGlobalSection
EndGlobal
